
Microsoft Visual Studio Solution File, Format Version 12.00
# Visual Studio Version 16
VisualStudioVersion = 16.0.30621.155
MinimumVisualStudioVersion = 10.0.40219.1
Project("{9A19103F-16F7-4668-BE54-9A1E7A4F7556}") = "Messenger", "Messenger\Messenger.csproj", "{3413ABC8-0C01-486B-9E67-E0F27B5BA92A}"
EndProject
Project("{9A19103F-16F7-4668-BE54-9A1E7A4F7556}") = "Api", "Api\Api.csproj", "{5595C871-2CAF-49B0-82EC-28AA75763C6E}"
EndProject
Project("{9A19103F-16F7-4668-BE54-9A1E7A4F7556}") = "Core", "Core\Core.csproj", "{CDE3712A-8DE6-474B-B41C-E48DF7778E53}"
EndProject
Project("{9A19103F-16F7-4668-BE54-9A1E7A4F7556}") = "Domain", "Domain\Domain.csproj", "{04FD69E7-F44F-4C6C-A554-3A1B93ACC2E3}"
EndProject
Project("{9A19103F-16F7-4668-BE54-9A1E7A4F7556}") = "ChatService", "ChatService\ChatService.csproj", "{5C190779-21D8-4B77-B5AE-0D7CB44E859D}"
EndProject
Project("{9A19103F-16F7-4668-BE54-9A1E7A4F7556}") = "DataAccess", "DataAccess\DataAccess.csproj", "{2844EF89-CF8F-4C63-841A-EA457F9210C5}"
EndProject
Global
	GlobalSection(SolutionConfigurationPlatforms) = preSolution
		Debug|Any CPU = Debug|Any CPU
		Release|Any CPU = Release|Any CPU
	EndGlobalSection
	GlobalSection(ProjectConfigurationPlatforms) = postSolution
		{3413ABC8-0C01-486B-9E67-E0F27B5BA92A}.Debug|Any CPU.ActiveCfg = Debug|Any CPU
		{3413ABC8-0C01-486B-9E67-E0F27B5BA92A}.Debug|Any CPU.Build.0 = Debug|Any CPU
		{3413ABC8-0C01-486B-9E67-E0F27B5BA92A}.Release|Any CPU.ActiveCfg = Release|Any CPU
		{3413ABC8-0C01-486B-9E67-E0F27B5BA92A}.Release|Any CPU.Build.0 = Release|Any CPU
		{5595C871-2CAF-49B0-82EC-28AA75763C6E}.Debug|Any CPU.ActiveCfg = Debug|Any CPU
		{5595C871-2CAF-49B0-82EC-28AA75763C6E}.Debug|Any CPU.Build.0 = Debug|Any CPU
		{5595C871-2CAF-49B0-82EC-28AA75763C6E}.Release|Any CPU.ActiveCfg = Release|Any CPU
		{5595C871-2CAF-49B0-82EC-28AA75763C6E}.Release|Any CPU.Build.0 = Release|Any CPU
		{CDE3712A-8DE6-474B-B41C-E48DF7778E53}.Debug|Any CPU.ActiveCfg = Debug|Any CPU
		{CDE3712A-8DE6-474B-B41C-E48DF7778E53}.Debug|Any CPU.Build.0 = Debug|Any CPU
		{CDE3712A-8DE6-474B-B41C-E48DF7778E53}.Release|Any CPU.ActiveCfg = Release|Any CPU
		{CDE3712A-8DE6-474B-B41C-E48DF7778E53}.Release|Any CPU.Build.0 = Release|Any CPU
		{04FD69E7-F44F-4C6C-A554-3A1B93ACC2E3}.Debug|Any CPU.ActiveCfg = Debug|Any CPU
		{04FD69E7-F44F-4C6C-A554-3A1B93ACC2E3}.Debug|Any CPU.Build.0 = Debug|Any CPU
		{04FD69E7-F44F-4C6C-A554-3A1B93ACC2E3}.Release|Any CPU.ActiveCfg = Release|Any CPU
		{04FD69E7-F44F-4C6C-A554-3A1B93ACC2E3}.Release|Any CPU.Build.0 = Release|Any CPU
		{5C190779-21D8-4B77-B5AE-0D7CB44E859D}.Debug|Any CPU.ActiveCfg = Debug|Any CPU
		{5C190779-21D8-4B77-B5AE-0D7CB44E859D}.Debug|Any CPU.Build.0 = Debug|Any CPU
		{5C190779-21D8-4B77-B5AE-0D7CB44E859D}.Release|Any CPU.ActiveCfg = Release|Any CPU
		{5C190779-21D8-4B77-B5AE-0D7CB44E859D}.Release|Any CPU.Build.0 = Release|Any CPU
		{2844EF89-CF8F-4C63-841A-EA457F9210C5}.Debug|Any CPU.ActiveCfg = Debug|Any CPU
		{2844EF89-CF8F-4C63-841A-EA457F9210C5}.Debug|Any CPU.Build.0 = Debug|Any CPU
		{2844EF89-CF8F-4C63-841A-EA457F9210C5}.Release|Any CPU.ActiveCfg = Release|Any CPU
		{2844EF89-CF8F-4C63-841A-EA457F9210C5}.Release|Any CPU.Build.0 = Release|Any CPU
	EndGlobalSection
	GlobalSection(SolutionProperties) = preSolution
		HideSolutionNode = FALSE
	EndGlobalSection
	GlobalSection(ExtensibilityGlobals) = postSolution
		SolutionGuid = {DA675701-979C-47FE-B01A-305AA82B4C8B}
	EndGlobalSection
EndGlobal
