
Microsoft Visual Studio Solution File, Format Version 12.00
Project("{FAE04EC0-301F-11D3-BF4B-00C04F79EFBC}") = "Messenger", "Messenger\Messenger.csproj", "{3413ABC8-0C01-486B-9E67-E0F27B5BA92A}"
EndProject
Project("{FAE04EC0-301F-11D3-BF4B-00C04F79EFBC}") = "Api", "Api\Api.csproj", "{5595C871-2CAF-49B0-82EC-28AA75763C6E}"
EndProject
Project("{FAE04EC0-301F-11D3-BF4B-00C04F79EFBC}") = "Core", "Core\Core.csproj", "{CDE3712A-8DE6-474B-B41C-E48DF7778E53}"
EndProject
Project("{FAE04EC0-301F-11D3-BF4B-00C04F79EFBC}") = "Domain", "Domain\Domain.csproj", "{04FD69E7-F44F-4C6C-A554-3A1B93ACC2E3}"
EndProject
Project("{FAE04EC0-301F-11D3-BF4B-00C04F79EFBC}") = "Api.Test", "Api.Test\Api.Test.csproj", "{3CA26E90-E28E-43A3-B022-0127ED1E3780}"
EndProject
Project("{FAE04EC0-301F-11D3-BF4B-00C04F79EFBC}") = "ChatService", "ChatService\ChatService.csproj", "{5C190779-21D8-4B77-B5AE-0D7CB44E859D}"
EndProject
Project("{FAE04EC0-301F-11D3-BF4B-00C04F79EFBC}") = "Messenger.ChatService.Protos", "Messenger.ChatService.Protos\Messenger.ChatService.Protos.csproj", "{3DF3E8B2-E3F8-4696-B38E-061C56222237}"
EndProject
Global
	GlobalSection(SolutionConfigurationPlatforms) = preSolution
		Debug|Any CPU = Debug|Any CPU
		Release|Any CPU = Release|Any CPU
	EndGlobalSection
	GlobalSection(ProjectConfigurationPlatforms) = postSolution
		{3413ABC8-0C01-486B-9E67-E0F27B5BA92A}.Debug|Any CPU.ActiveCfg = Debug|Any CPU
		{3413ABC8-0C01-486B-9E67-E0F27B5BA92A}.Debug|Any CPU.Build.0 = Debug|Any CPU
		{3413ABC8-0C01-486B-9E67-E0F27B5BA92A}.Release|Any CPU.ActiveCfg = Release|Any CPU
		{3413ABC8-0C01-486B-9E67-E0F27B5BA92A}.Release|Any CPU.Build.0 = Release|Any CPU
		{5595C871-2CAF-49B0-82EC-28AA75763C6E}.Debug|Any CPU.ActiveCfg = Debug|Any CPU
		{5595C871-2CAF-49B0-82EC-28AA75763C6E}.Debug|Any CPU.Build.0 = Debug|Any CPU
		{5595C871-2CAF-49B0-82EC-28AA75763C6E}.Release|Any CPU.ActiveCfg = Release|Any CPU
		{5595C871-2CAF-49B0-82EC-28AA75763C6E}.Release|Any CPU.Build.0 = Release|Any CPU
		{CDE3712A-8DE6-474B-B41C-E48DF7778E53}.Debug|Any CPU.ActiveCfg = Debug|Any CPU
		{CDE3712A-8DE6-474B-B41C-E48DF7778E53}.Debug|Any CPU.Build.0 = Debug|Any CPU
		{CDE3712A-8DE6-474B-B41C-E48DF7778E53}.Release|Any CPU.ActiveCfg = Release|Any CPU
		{CDE3712A-8DE6-474B-B41C-E48DF7778E53}.Release|Any CPU.Build.0 = Release|Any CPU
		{04FD69E7-F44F-4C6C-A554-3A1B93ACC2E3}.Debug|Any CPU.ActiveCfg = Debug|Any CPU
		{04FD69E7-F44F-4C6C-A554-3A1B93ACC2E3}.Debug|Any CPU.Build.0 = Debug|Any CPU
		{04FD69E7-F44F-4C6C-A554-3A1B93ACC2E3}.Release|Any CPU.ActiveCfg = Release|Any CPU
		{04FD69E7-F44F-4C6C-A554-3A1B93ACC2E3}.Release|Any CPU.Build.0 = Release|Any CPU
		{5C190779-21D8-4B77-B5AE-0D7CB44E859D}.Debug|Any CPU.ActiveCfg = Debug|Any CPU
		{5C190779-21D8-4B77-B5AE-0D7CB44E859D}.Debug|Any CPU.Build.0 = Debug|Any CPU
		{5C190779-21D8-4B77-B5AE-0D7CB44E859D}.Release|Any CPU.ActiveCfg = Release|Any CPU
		{5C190779-21D8-4B77-B5AE-0D7CB44E859D}.Release|Any CPU.Build.0 = Release|Any CPU
		{3DF3E8B2-E3F8-4696-B38E-061C56222237}.Debug|Any CPU.ActiveCfg = Debug|Any CPU
		{3DF3E8B2-E3F8-4696-B38E-061C56222237}.Debug|Any CPU.Build.0 = Debug|Any CPU
		{3DF3E8B2-E3F8-4696-B38E-061C56222237}.Release|Any CPU.ActiveCfg = Release|Any CPU
		{3DF3E8B2-E3F8-4696-B38E-061C56222237}.Release|Any CPU.Build.0 = Release|Any CPU
		{3CA26E90-E28E-43A3-B022-0127ED1E3780}.Debug|Any CPU.ActiveCfg = Debug|Any CPU
		{3CA26E90-E28E-43A3-B022-0127ED1E3780}.Debug|Any CPU.Build.0 = Debug|Any CPU
		{3CA26E90-E28E-43A3-B022-0127ED1E3780}.Release|Any CPU.ActiveCfg = Release|Any CPU
		{3CA26E90-E28E-43A3-B022-0127ED1E3780}.Release|Any CPU.Build.0 = Release|Any CPU
	EndGlobalSection
EndGlobal
